// !$*UTF8*$!
{
	archiveVersion = 1;
	classes = {
	};
	objectVersion = 46;
	objects = {

/* Begin PBXBuildFile section */
		C98C4B771B2BC39600EB74F5 /* AppDelegate.swift in Sources */ = {isa = PBXBuildFile; fileRef = C98C4B761B2BC39600EB74F5 /* AppDelegate.swift */; };
		C98C4B791B2BC39600EB74F5 /* ViewController.swift in Sources */ = {isa = PBXBuildFile; fileRef = C98C4B781B2BC39600EB74F5 /* ViewController.swift */; };
		C98C4B7C1B2BC39600EB74F5 /* Main.storyboard in Resources */ = {isa = PBXBuildFile; fileRef = C98C4B7A1B2BC39600EB74F5 /* Main.storyboard */; };
		C98C4B7E1B2BC39600EB74F5 /* Images.xcassets in Resources */ = {isa = PBXBuildFile; fileRef = C98C4B7D1B2BC39600EB74F5 /* Images.xcassets */; };
		C98C4B811B2BC39600EB74F5 /* LaunchScreen.xib in Resources */ = {isa = PBXBuildFile; fileRef = C98C4B7F1B2BC39600EB74F5 /* LaunchScreen.xib */; };
		C98C4B8D1B2BC39600EB74F5 /* TresAmigosTests.swift in Sources */ = {isa = PBXBuildFile; fileRef = C98C4B8C1B2BC39600EB74F5 /* TresAmigosTests.swift */; };
/* End PBXBuildFile section */

/* Begin PBXContainerItemProxy section */
		C98C4B871B2BC39600EB74F5 /* PBXContainerItemProxy */ = {
			isa = PBXContainerItemProxy;
			containerPortal = C98C4B691B2BC39600EB74F5 /* Project object */;
			proxyType = 1;
			remoteGlobalIDString = C98C4B701B2BC39600EB74F5;
			remoteInfo = TresAmigos;
		};
/* End PBXContainerItemProxy section */

/* Begin PBXFileReference section */
		C98C4B711B2BC39600EB74F5 /* TresAmigos.app */ = {isa = PBXFileReference; explicitFileType = wrapper.application; includeInIndex = 0; path = TresAmigos.app; sourceTree = BUILT_PRODUCTS_DIR; };
		C98C4B751B2BC39600EB74F5 /* Info.plist */ = {isa = PBXFileReference; lastKnownFileType = text.plist.xml; path = Info.plist; sourceTree = "<group>"; };
		C98C4B761B2BC39600EB74F5 /* AppDelegate.swift */ = {isa = PBXFileReference; lastKnownFileType = sourcecode.swift; path = AppDelegate.swift; sourceTree = "<group>"; };
		C98C4B781B2BC39600EB74F5 /* ViewController.swift */ = {isa = PBXFileReference; lastKnownFileType = sourcecode.swift; path = ViewController.swift; sourceTree = "<group>"; };
		C98C4B7B1B2BC39600EB74F5 /* Base */ = {isa = PBXFileReference; lastKnownFileType = file.storyboard; name = Base; path = Base.lproj/Main.storyboard; sourceTree = "<group>"; };
		C98C4B7D1B2BC39600EB74F5 /* Images.xcassets */ = {isa = PBXFileReference; lastKnownFileType = folder.assetcatalog; path = Images.xcassets; sourceTree = "<group>"; };
		C98C4B801B2BC39600EB74F5 /* Base */ = {isa = PBXFileReference; lastKnownFileType = file.xib; name = Base; path = Base.lproj/LaunchScreen.xib; sourceTree = "<group>"; };
		C98C4B861B2BC39600EB74F5 /* TresAmigosTests.xctest */ = {isa = PBXFileReference; explicitFileType = wrapper.cfbundle; includeInIndex = 0; path = TresAmigosTests.xctest; sourceTree = BUILT_PRODUCTS_DIR; };
		C98C4B8B1B2BC39600EB74F5 /* Info.plist */ = {isa = PBXFileReference; lastKnownFileType = text.plist.xml; path = Info.plist; sourceTree = "<group>"; };
		C98C4B8C1B2BC39600EB74F5 /* TresAmigosTests.swift */ = {isa = PBXFileReference; lastKnownFileType = sourcecode.swift; path = TresAmigosTests.swift; sourceTree = "<group>"; };
/* End PBXFileReference section */

/* Begin PBXFrameworksBuildPhase section */
		C98C4B6E1B2BC39600EB74F5 /* Frameworks */ = {
			isa = PBXFrameworksBuildPhase;
			buildActionMask = 2147483647;
			files = (
			);
			runOnlyForDeploymentPostprocessing = 0;
		};
		C98C4B831B2BC39600EB74F5 /* Frameworks */ = {
			isa = PBXFrameworksBuildPhase;
			buildActionMask = 2147483647;
			files = (
			);
			runOnlyForDeploymentPostprocessing = 0;
		};
/* End PBXFrameworksBuildPhase section */

/* Begin PBXGroup section */
		C98C4B681B2BC39600EB74F5 = {
			isa = PBXGroup;
			children = (
				C98C4B731B2BC39600EB74F5 /* TresAmigos */,
				C98C4B891B2BC39600EB74F5 /* TresAmigosTests */,
				C98C4B721B2BC39600EB74F5 /* Products */,
			);
			sourceTree = "<group>";
		};
		C98C4B721B2BC39600EB74F5 /* Products */ = {
			isa = PBXGroup;
			children = (
				C98C4B711B2BC39600EB74F5 /* TresAmigos.app */,
				C98C4B861B2BC39600EB74F5 /* TresAmigosTests.xctest */,
			);
			name = Products;
			sourceTree = "<group>";
		};
		C98C4B731B2BC39600EB74F5 /* TresAmigos */ = {
			isa = PBXGroup;
			children = (
				C98C4B761B2BC39600EB74F5 /* AppDelegate.swift */,
				C98C4B781B2BC39600EB74F5 /* ViewController.swift */,
				C98C4B7A1B2BC39600EB74F5 /* Main.storyboard */,
				C98C4B7D1B2BC39600EB74F5 /* Images.xcassets */,
				C98C4B7F1B2BC39600EB74F5 /* LaunchScreen.xib */,
				C98C4B741B2BC39600EB74F5 /* Supporting Files */,
			);
			path = TresAmigos;
			sourceTree = "<group>";
		};
		C98C4B741B2BC39600EB74F5 /* Supporting Files */ = {
			isa = PBXGroup;
			children = (
				C98C4B751B2BC39600EB74F5 /* Info.plist */,
			);
			name = "Supporting Files";
			sourceTree = "<group>";
		};
		C98C4B891B2BC39600EB74F5 /* TresAmigosTests */ = {
			isa = PBXGroup;
			children = (
				C98C4B8C1B2BC39600EB74F5 /* TresAmigosTests.swift */,
				C98C4B8A1B2BC39600EB74F5 /* Supporting Files */,
			);
			path = TresAmigosTests;
			sourceTree = "<group>";
		};
		C98C4B8A1B2BC39600EB74F5 /* Supporting Files */ = {
			isa = PBXGroup;
			children = (
				C98C4B8B1B2BC39600EB74F5 /* Info.plist */,
			);
			name = "Supporting Files";
			sourceTree = "<group>";
		};
/* End PBXGroup section */

/* Begin PBXNativeTarget section */
		C98C4B701B2BC39600EB74F5 /* TresAmigos */ = {
			isa = PBXNativeTarget;
			buildConfigurationList = C98C4B901B2BC39600EB74F5 /* Build configuration list for PBXNativeTarget "TresAmigos" */;
			buildPhases = (
				C98C4B6D1B2BC39600EB74F5 /* Sources */,
				C98C4B6E1B2BC39600EB74F5 /* Frameworks */,
				C98C4B6F1B2BC39600EB74F5 /* Resources */,
			);
			buildRules = (
			);
			dependencies = (
			);
			name = TresAmigos;
			productName = TresAmigos;
			productReference = C98C4B711B2BC39600EB74F5 /* TresAmigos.app */;
			productType = "com.apple.product-type.application";
		};
		C98C4B851B2BC39600EB74F5 /* TresAmigosTests */ = {
			isa = PBXNativeTarget;
			buildConfigurationList = C98C4B931B2BC39600EB74F5 /* Build configuration list for PBXNativeTarget "TresAmigosTests" */;
			buildPhases = (
				C98C4B821B2BC39600EB74F5 /* Sources */,
				C98C4B831B2BC39600EB74F5 /* Frameworks */,
				C98C4B841B2BC39600EB74F5 /* Resources */,
			);
			buildRules = (
			);
			dependencies = (
				C98C4B881B2BC39600EB74F5 /* PBXTargetDependency */,
			);
			name = TresAmigosTests;
			productName = TresAmigosTests;
			productReference = C98C4B861B2BC39600EB74F5 /* TresAmigosTests.xctest */;
			productType = "com.apple.product-type.bundle.unit-test";
		};
/* End PBXNativeTarget section */

/* Begin PBXProject section */
		C98C4B691B2BC39600EB74F5 /* Project object */ = {
			isa = PBXProject;
			attributes = {
				LastUpgradeCheck = 0630;
				ORGANIZATIONNAME = "David L'Heureux";
				TargetAttributes = {
					C98C4B701B2BC39600EB74F5 = {
						CreatedOnToolsVersion = 6.3.2;
					};
					C98C4B851B2BC39600EB74F5 = {
						CreatedOnToolsVersion = 6.3.2;
						TestTargetID = C98C4B701B2BC39600EB74F5;
					};
				};
			};
			buildConfigurationList = C98C4B6C1B2BC39600EB74F5 /* Build configuration list for PBXProject "TresAmigos" */;
			compatibilityVersion = "Xcode 3.2";
			developmentRegion = English;
			hasScannedForEncodings = 0;
			knownRegions = (
				en,
				Base,
			);
			mainGroup = C98C4B681B2BC39600EB74F5;
			productRefGroup = C98C4B721B2BC39600EB74F5 /* Products */;
			projectDirPath = "";
			projectRoot = "";
			targets = (
				C98C4B701B2BC39600EB74F5 /* TresAmigos */,
				C98C4B851B2BC39600EB74F5 /* TresAmigosTests */,
			);
		};
/* End PBXProject section */

/* Begin PBXResourcesBuildPhase section */
		C98C4B6F1B2BC39600EB74F5 /* Resources */ = {
			isa = PBXResourcesBuildPhase;
			buildActionMask = 2147483647;
			files = (
				C98C4B7C1B2BC39600EB74F5 /* Main.storyboard in Resources */,
				C98C4B811B2BC39600EB74F5 /* LaunchScreen.xib in Resources */,
				C98C4B7E1B2BC39600EB74F5 /* Images.xcassets in Resources */,
			);
			runOnlyForDeploymentPostprocessing = 0;
		};
		C98C4B841B2BC39600EB74F5 /* Resources */ = {
			isa = PBXResourcesBuildPhase;
			buildActionMask = 2147483647;
			files = (
			);
			runOnlyForDeploymentPostprocessing = 0;
		};
/* End PBXResourcesBuildPhase section */

/* Begin PBXSourcesBuildPhase section */
		C98C4B6D1B2BC39600EB74F5 /* Sources */ = {
			isa = PBXSourcesBuildPhase;
			buildActionMask = 2147483647;
			files = (
				C98C4B791B2BC39600EB74F5 /* ViewController.swift in Sources */,
				C98C4B771B2BC39600EB74F5 /* AppDelegate.swift in Sources */,
			);
			runOnlyForDeploymentPostprocessing = 0;
		};
		C98C4B821B2BC39600EB74F5 /* Sources */ = {
			isa = PBXSourcesBuildPhase;
			buildActionMask = 2147483647;
			files = (
				C98C4B8D1B2BC39600EB74F5 /* TresAmigosTests.swift in Sources */,
			);
			runOnlyForDeploymentPostprocessing = 0;
		};
/* End PBXSourcesBuildPhase section */

/* Begin PBXTargetDependency section */
		C98C4B881B2BC39600EB74F5 /* PBXTargetDependency */ = {
			isa = PBXTargetDependency;
			target = C98C4B701B2BC39600EB74F5 /* TresAmigos */;
			targetProxy = C98C4B871B2BC39600EB74F5 /* PBXContainerItemProxy */;
		};
/* End PBXTargetDependency section */

/* Begin PBXVariantGroup section */
		C98C4B7A1B2BC39600EB74F5 /* Main.storyboard */ = {
			isa = PBXVariantGroup;
			children = (
				C98C4B7B1B2BC39600EB74F5 /* Base */,
			);
			name = Main.storyboard;
			sourceTree = "<group>";
		};
		C98C4B7F1B2BC39600EB74F5 /* LaunchScreen.xib */ = {
			isa = PBXVariantGroup;
			children = (
				C98C4B801B2BC39600EB74F5 /* Base */,
			);
			name = LaunchScreen.xib;
			sourceTree = "<group>";
		};
/* End PBXVariantGroup section */

/* Begin XCBuildConfiguration section */
		C98C4B8E1B2BC39600EB74F5 /* Debug */ = {
			isa = XCBuildConfiguration;
			buildSettings = {
				ALWAYS_SEARCH_USER_PATHS = NO;
				CLANG_CXX_LANGUAGE_STANDARD = "gnu++0x";
				CLANG_CXX_LIBRARY = "libc++";
				CLANG_ENABLE_MODULES = YES;
				CLANG_ENABLE_OBJC_ARC = YES;
				CLANG_WARN_BOOL_CONVERSION = YES;
				CLANG_WARN_CONSTANT_CONVERSION = YES;
				CLANG_WARN_DIRECT_OBJC_ISA_USAGE = YES_ERROR;
				CLANG_WARN_EMPTY_BODY = YES;
				CLANG_WARN_ENUM_CONVERSION = YES;
				CLANG_WARN_INT_CONVERSION = YES;
				CLANG_WARN_OBJC_ROOT_CLASS = YES_ERROR;
				CLANG_WARN_UNREACHABLE_CODE = YES;
				CLANG_WARN__DUPLICATE_METHOD_MATCH = YES;
				"CODE_SIGN_IDENTITY[sdk=iphoneos*]" = "iPhone Developer";
				COPY_PHASE_STRIP = NO;
				DEBUG_INFORMATION_FORMAT = "dwarf-with-dsym";
				ENABLE_STRICT_OBJC_MSGSEND = YES;
				GCC_C_LANGUAGE_STANDARD = gnu99;
				GCC_DYNAMIC_NO_PIC = NO;
				GCC_NO_COMMON_BLOCKS = YES;
				GCC_OPTIMIZATION_LEVEL = 0;
				GCC_PREPROCESSOR_DEFINITIONS = (
					"DEBUG=1",
					"$(inherited)",
				);
				GCC_SYMBOLS_PRIVATE_EXTERN = NO;
				GCC_WARN_64_TO_32_BIT_CONVERSION = YES;
				GCC_WARN_ABOUT_RETURN_TYPE = YES_ERROR;
				GCC_WARN_UNDECLARED_SELECTOR = YES;
				GCC_WARN_UNINITIALIZED_AUTOS = YES_AGGRESSIVE;
				GCC_WARN_UNUSED_FUNCTION = YES;
				GCC_WARN_UNUSED_VARIABLE = YES;
				IPHONEOS_DEPLOYMENT_TARGET = 8.3;
				MTL_ENABLE_DEBUG_INFO = YES;
				ONLY_ACTIVE_ARCH = YES;
				SDKROOT = iphoneos;
				SWIFT_OPTIMIZATION_LEVEL = "-Onone";
				TARGETED_DEVICE_FAMILY = "1,2";
			};
			name = Debug;
		};
		C98C4B8F1B2BC39600EB74F5 /* Release */ = {
			isa = XCBuildConfiguration;
			buildSettings = {
				ALWAYS_SEARCH_USER_PATHS = NO;
				CLANG_CXX_LANGUAGE_STANDARD = "gnu++0x";
				CLANG_CXX_LIBRARY = "libc++";
				CLANG_ENABLE_MODULES = YES;
				CLANG_ENABLE_OBJC_ARC = YES;
				CLANG_WARN_BOOL_CONVERSION = YES;
				CLANG_WARN_CONSTANT_CONVERSION = YES;
				CLANG_WARN_DIRECT_OBJC_ISA_USAGE = YES_ERROR;
				CLANG_WARN_EMPTY_BODY = YES;
				CLANG_WARN_ENUM_CONVERSION = YES;
				CLANG_WARN_INT_CONVERSION = YES;
				CLANG_WARN_OBJC_ROOT_CLASS = YES_ERROR;
				CLANG_WARN_UNREACHABLE_CODE = YES;
				CLANG_WARN__DUPLICATE_METHOD_MATCH = YES;
				"CODE_SIGN_IDENTITY[sdk=iphoneos*]" = "iPhone Developer";
				COPY_PHASE_STRIP = NO;
				DEBUG_INFORMATION_FORMAT = "dwarf-with-dsym";
				ENABLE_NS_ASSERTIONS = NO;
				ENABLE_STRICT_OBJC_MSGSEND = YES;
				GCC_C_LANGUAGE_STANDARD = gnu99;
				GCC_NO_COMMON_BLOCKS = YES;
				GCC_WARN_64_TO_32_BIT_CONVERSION = YES;
				GCC_WARN_ABOUT_RETURN_TYPE = YES_ERROR;
				GCC_WARN_UNDECLARED_SELECTOR = YES;
				GCC_WARN_UNINITIALIZED_AUTOS = YES_AGGRESSIVE;
				GCC_WARN_UNUSED_FUNCTION = YES;
				GCC_WARN_UNUSED_VARIABLE = YES;
				IPHONEOS_DEPLOYMENT_TARGET = 8.3;
				MTL_ENABLE_DEBUG_INFO = NO;
				SDKROOT = iphoneos;
				TARGETED_DEVICE_FAMILY = "1,2";
				VALIDATE_PRODUCT = YES;
			};
			name = Release;
		};
		C98C4B911B2BC39600EB74F5 /* Debug */ = {
			isa = XCBuildConfiguration;
			buildSettings = {
				ASSETCATALOG_COMPILER_APPICON_NAME = AppIcon;
				INFOPLIST_FILE = TresAmigos/Info.plist;
				LD_RUNPATH_SEARCH_PATHS = "$(inherited) @executable_path/Frameworks";
				PRODUCT_NAME = "$(TARGET_NAME)";
			};
			name = Debug;
		};
		C98C4B921B2BC39600EB74F5 /* Release */ = {
			isa = XCBuildConfiguration;
			buildSettings = {
				ASSETCATALOG_COMPILER_APPICON_NAME = AppIcon;
				INFOPLIST_FILE = TresAmigos/Info.plist;
				LD_RUNPATH_SEARCH_PATHS = "$(inherited) @executable_path/Frameworks";
				PRODUCT_NAME = "$(TARGET_NAME)";
			};
			name = Release;
		};
		C98C4B941B2BC39600EB74F5 /* Debug */ = {
			isa = XCBuildConfiguration;
			buildSettings = {
				BUNDLE_LOADER = "$(TEST_HOST)";
				FRAMEWORK_SEARCH_PATHS = (
					"$(SDKROOT)/Developer/Library/Frameworks",
					"$(inherited)",
				);
				GCC_PREPROCESSOR_DEFINITIONS = (
					"DEBUG=1",
					"$(inherited)",
				);
				INFOPLIST_FILE = TresAmigosTests/Info.plist;
				LD_RUNPATH_SEARCH_PATHS = "$(inherited) @executable_path/Frameworks @loader_path/Frameworks";
				PRODUCT_NAME = "$(TARGET_NAME)";
				TEST_HOST = "$(BUILT_PRODUCTS_DIR)/TresAmigos.app/TresAmigos";
			};
			name = Debug;
		};
		C98C4B951B2BC39600EB74F5 /* Release */ = {
			isa = XCBuildConfiguration;
			buildSettings = {
				BUNDLE_LOADER = "$(TEST_HOST)";
				FRAMEWORK_SEARCH_PATHS = (
					"$(SDKROOT)/Developer/Library/Frameworks",
					"$(inherited)",
				);
				INFOPLIST_FILE = TresAmigosTests/Info.plist;
				LD_RUNPATH_SEARCH_PATHS = "$(inherited) @executable_path/Frameworks @loader_path/Frameworks";
				PRODUCT_NAME = "$(TARGET_NAME)";
				TEST_HOST = "$(BUILT_PRODUCTS_DIR)/TresAmigos.app/TresAmigos";
			};
			name = Release;
		};
/* End XCBuildConfiguration section */

/* Begin XCConfigurationList section */
		C98C4B6C1B2BC39600EB74F5 /* Build configuration list for PBXProject "TresAmigos" */ = {
			isa = XCConfigurationList;
			buildConfigurations = (
				C98C4B8E1B2BC39600EB74F5 /* Debug */,
				C98C4B8F1B2BC39600EB74F5 /* Release */,
			);
			defaultConfigurationIsVisible = 0;
			defaultConfigurationName = Release;
		};
		C98C4B901B2BC39600EB74F5 /* Build configuration list for PBXNativeTarget "TresAmigos" */ = {
			isa = XCConfigurationList;
			buildConfigurations = (
				C98C4B911B2BC39600EB74F5 /* Debug */,
				C98C4B921B2BC39600EB74F5 /* Release */,
			);
			defaultConfigurationIsVisible = 0;
		};
		C98C4B931B2BC39600EB74F5 /* Build configuration list for PBXNativeTarget "TresAmigosTests" */ = {
			isa = XCConfigurationList;
			buildConfigurations = (
				C98C4B941B2BC39600EB74F5 /* Debug */,
				C98C4B951B2BC39600EB74F5 /* Release */,
			);
			defaultConfigurationIsVisible = 0;
		};
/* End XCConfigurationList section */
	};
	rootObject = C98C4B691B2BC39600EB74F5 /* Project object */;
}
